
Microsoft Visual Studio Solution File, Format Version 12.00
# Visual Studio Version 17
VisualStudioVersion = 17.4.33122.133
MinimumVisualStudioVersion = 10.0.40219.1
Project("{FAE04EC0-301F-11D3-BF4B-00C04F79EFBC}") = "DemoQA", "DemoQA.csproj", "{91445F08-F41E-42BC-9158-779C03C54271}"
EndProject
Global
	GlobalSection(SolutionConfigurationPlatforms) = preSolution
		Debug|Any CPU = Debug|Any CPU
		Release|Any CPU = Release|Any CPU
	EndGlobalSection
	GlobalSection(ProjectConfigurationPlatforms) = postSolution
		{91445F08-F41E-42BC-9158-779C03C54271}.Debug|Any CPU.ActiveCfg = Debug|Any CPU
		{91445F08-F41E-42BC-9158-779C03C54271}.Debug|Any CPU.Build.0 = Debug|Any CPU
		{91445F08-F41E-42BC-9158-779C03C54271}.Release|Any CPU.ActiveCfg = Release|Any CPU
		{91445F08-F41E-42BC-9158-779C03C54271}.Release|Any CPU.Build.0 = Release|Any CPU
	EndGlobalSection
	GlobalSection(SolutionProperties) = preSolution
		HideSolutionNode = FALSE
	EndGlobalSection
	GlobalSection(ExtensibilityGlobals) = postSolution
		SolutionGuid = {9E38CFE1-5C2F-44C9-A988-7F2C796DAEFF}
	EndGlobalSection
EndGlobal
